
Microsoft Visual Studio Solution File, Format Version 12.00
# Visual Studio Version 17
VisualStudioVersion = 17.14.37216.2 d17.14
MinimumVisualStudioVersion = 10.0.40219.1
Project("{FAE04EC0-301F-11D3-BF4B-00C04F79EFBC}") = "Shared", "Shared\Shared.csproj", "{26CEFD96-85B5-41A7-9D67-6A30836148D6}"
EndProject
Project("{FAE04EC0-301F-11D3-BF4B-00C04F79EFBC}") = "UserService", "UserService\UserService.csproj", "{433F8871-7080-4C7A-B4DF-E6D60707C4FB}"
EndProject
Project("{FAE04EC0-301F-11D3-BF4B-00C04F79EFBC}") = "LoggingService", "LoggingService\LoggingService.csproj", "{503A4750-3F24-4831-8885-D9FD6EA4A65A}"
EndProject
Project("{FAE04EC0-301F-11D3-BF4B-00C04F79EFBC}") = "WarehouseService", "WarehouseService\WarehouseService.csproj", "{E58CE291-1BF8-40F5-9ADF-43544EBDDC30}"
EndProject
Project("{FAE04EC0-301F-11D3-BF4B-00C04F79EFBC}") = "Gateway", "Gateway\Gateway.csproj", "{75B47A54-6E0B-4990-BC22-EC19FC9C5947}"
EndProject
Project("{FAE04EC0-301F-11D3-BF4B-00C04F79EFBC}") = "Test", "Test\Test.csproj", "{B5C13D09-880A-4805-9D67-A17465A4D095}"
EndProject
Project("{2150E333-8FDC-42A3-9474-1A3956D46DE8}") = "src", "src", "{02EA681E-C7D8-13C7-8484-4AC65E1B71E8}"
EndProject
Project("{2150E333-8FDC-42A3-9474-1A3956D46DE8}") = "tests", "tests", "{5BF55142-508B-4E28-83BA-884EF137121D}"
EndProject
Project("{FAE04EC0-301F-11D3-BF4B-00C04F79EFBC}") = "UserService", "Test\UserService\UserService.csproj", "{39CDA924-7B88-4706-9CAE-B1ED3210D24F}"
EndProject
Project("{FAE04EC0-301F-11D3-BF4B-00C04F79EFBC}") = "LoggingService", "Test\LoggingService\LoggingService.csproj", "{81EA5AF5-258E-4F74-B18A-19CF60475263}"
EndProject
Project("{FAE04EC0-301F-11D3-BF4B-00C04F79EFBC}") = "WarehouseService", "Test\WarehouseService\WarehouseService.csproj", "{6D917E16-0955-4EF8-A84F-17979E2A7E19}"
EndProject
Project("{FAE04EC0-301F-11D3-BF4B-00C04F79EFBC}") = "Gateway", "Test\Gateway\Gateway.csproj", "{DCDAC912-6F4E-412E-82B9-98616090B54A}"
EndProject
Project("{FAE04EC0-301F-11D3-BF4B-00C04F79EFBC}") = "Integration", "Test\Integration\Integration.csproj", "{92FE2763-BF53-48AD-A661-9305B1915022}"
EndProject
Project("{2150E333-8FDC-42A3-9474-1A3956D46DE8}") = "MicroServices", "MicroServices", "{E20759D2-7C30-471D-A45A-78B8CCA7FAD2}"
	ProjectSection(SolutionItems) = preProject
		ProjectGoal.txt = ProjectGoal.txt
	EndProjectSection
EndProject
Global
	GlobalSection(SolutionConfigurationPlatforms) = preSolution
		Debug|Any CPU = Debug|Any CPU
		Release|Any CPU = Release|Any CPU
	EndGlobalSection
	GlobalSection(ProjectConfigurationPlatforms) = postSolution
		{26CEFD96-85B5-41A7-9D67-6A30836148D6}.Debug|Any CPU.ActiveCfg = Debug|Any CPU
		{26CEFD96-85B5-41A7-9D67-6A30836148D6}.Debug|Any CPU.Build.0 = Debug|Any CPU
		{26CEFD96-85B5-41A7-9D67-6A30836148D6}.Release|Any CPU.ActiveCfg = Release|Any CPU
		{26CEFD96-85B5-41A7-9D67-6A30836148D6}.Release|Any CPU.Build.0 = Release|Any CPU
		{433F8871-7080-4C7A-B4DF-E6D60707C4FB}.Debug|Any CPU.ActiveCfg = Debug|Any CPU
		{433F8871-7080-4C7A-B4DF-E6D60707C4FB}.Debug|Any CPU.Build.0 = Debug|Any CPU
		{433F8871-7080-4C7A-B4DF-E6D60707C4FB}.Release|Any CPU.ActiveCfg = Release|Any CPU
		{433F8871-7080-4C7A-B4DF-E6D60707C4FB}.Release|Any CPU.Build.0 = Release|Any CPU
		{503A4750-3F24-4831-8885-D9FD6EA4A65A}.Debug|Any CPU.ActiveCfg = Debug|Any CPU
		{503A4750-3F24-4831-8885-D9FD6EA4A65A}.Debug|Any CPU.Build.0 = Debug|Any CPU
		{503A4750-3F24-4831-8885-D9FD6EA4A65A}.Release|Any CPU.ActiveCfg = Release|Any CPU
		{503A4750-3F24-4831-8885-D9FD6EA4A65A}.Release|Any CPU.Build.0 = Release|Any CPU
		{E58CE291-1BF8-40F5-9ADF-43544EBDDC30}.Debug|Any CPU.ActiveCfg = Debug|Any CPU
		{E58CE291-1BF8-40F5-9ADF-43544EBDDC30}.Debug|Any CPU.Build.0 = Debug|Any CPU
		{E58CE291-1BF8-40F5-9ADF-43544EBDDC30}.Release|Any CPU.ActiveCfg = Release|Any CPU
		{E58CE291-1BF8-40F5-9ADF-43544EBDDC30}.Release|Any CPU.Build.0 = Release|Any CPU
		{75B47A54-6E0B-4990-BC22-EC19FC9C5947}.Debug|Any CPU.ActiveCfg = Debug|Any CPU
		{75B47A54-6E0B-4990-BC22-EC19FC9C5947}.Debug|Any CPU.Build.0 = Debug|Any CPU
		{75B47A54-6E0B-4990-BC22-EC19FC9C5947}.Release|Any CPU.ActiveCfg = Release|Any CPU
		{75B47A54-6E0B-4990-BC22-EC19FC9C5947}.Release|Any CPU.Build.0 = Release|Any CPU
		{B5C13D09-880A-4805-9D67-A17465A4D095}.Debug|Any CPU.ActiveCfg = Debug|Any CPU
		{B5C13D09-880A-4805-9D67-A17465A4D095}.Debug|Any CPU.Build.0 = Debug|Any CPU
		{B5C13D09-880A-4805-9D67-A17465A4D095}.Release|Any CPU.ActiveCfg = Release|Any CPU
		{B5C13D09-880A-4805-9D67-A17465A4D095}.Release|Any CPU.Build.0 = Release|Any CPU
		{39CDA924-7B88-4706-9CAE-B1ED3210D24F}.Debug|Any CPU.ActiveCfg = Debug|Any CPU
		{39CDA924-7B88-4706-9CAE-B1ED3210D24F}.Debug|Any CPU.Build.0 = Debug|Any CPU
		{39CDA924-7B88-4706-9CAE-B1ED3210D24F}.Release|Any CPU.ActiveCfg = Release|Any CPU
		{39CDA924-7B88-4706-9CAE-B1ED3210D24F}.Release|Any CPU.Build.0 = Release|Any CPU
		{81EA5AF5-258E-4F74-B18A-19CF60475263}.Debug|Any CPU.ActiveCfg = Debug|Any CPU
		{81EA5AF5-258E-4F74-B18A-19CF60475263}.Debug|Any CPU.Build.0 = Debug|Any CPU
		{81EA5AF5-258E-4F74-B18A-19CF60475263}.Release|Any CPU.ActiveCfg = Release|Any CPU
		{81EA5AF5-258E-4F74-B18A-19CF60475263}.Release|Any CPU.Build.0 = Release|Any CPU
		{6D917E16-0955-4EF8-A84F-17979E2A7E19}.Debug|Any CPU.ActiveCfg = Debug|Any CPU
		{6D917E16-0955-4EF8-A84F-17979E2A7E19}.Debug|Any CPU.Build.0 = Debug|Any CPU
		{6D917E16-0955-4EF8-A84F-17979E2A7E19}.Release|Any CPU.ActiveCfg = Release|Any CPU
		{6D917E16-0955-4EF8-A84F-17979E2A7E19}.Release|Any CPU.Build.0 = Release|Any CPU
		{DCDAC912-6F4E-412E-82B9-98616090B54A}.Debug|Any CPU.ActiveCfg = Debug|Any CPU
		{DCDAC912-6F4E-412E-82B9-98616090B54A}.Debug|Any CPU.Build.0 = Debug|Any CPU
		{DCDAC912-6F4E-412E-82B9-98616090B54A}.Release|Any CPU.ActiveCfg = Release|Any CPU
		{DCDAC912-6F4E-412E-82B9-98616090B54A}.Release|Any CPU.Build.0 = Release|Any CPU
		{92FE2763-BF53-48AD-A661-9305B1915022}.Debug|Any CPU.ActiveCfg = Debug|Any CPU
		{92FE2763-BF53-48AD-A661-9305B1915022}.Debug|Any CPU.Build.0 = Debug|Any CPU
		{92FE2763-BF53-48AD-A661-9305B1915022}.Release|Any CPU.ActiveCfg = Release|Any CPU
		{92FE2763-BF53-48AD-A661-9305B1915022}.Release|Any CPU.Build.0 = Release|Any CPU
	EndGlobalSection
	GlobalSection(SolutionProperties) = preSolution
		HideSolutionNode = FALSE
	EndGlobalSection
	GlobalSection(NestedProjects) = preSolution
		{26CEFD96-85B5-41A7-9D67-6A30836148D6} = {02EA681E-C7D8-13C7-8484-4AC65E1B71E8}
		{433F8871-7080-4C7A-B4DF-E6D60707C4FB} = {02EA681E-C7D8-13C7-8484-4AC65E1B71E8}
		{503A4750-3F24-4831-8885-D9FD6EA4A65A} = {02EA681E-C7D8-13C7-8484-4AC65E1B71E8}
		{E58CE291-1BF8-40F5-9ADF-43544EBDDC30} = {02EA681E-C7D8-13C7-8484-4AC65E1B71E8}
		{75B47A54-6E0B-4990-BC22-EC19FC9C5947} = {02EA681E-C7D8-13C7-8484-4AC65E1B71E8}
		{B5C13D09-880A-4805-9D67-A17465A4D095} = {02EA681E-C7D8-13C7-8484-4AC65E1B71E8}
		{02EA681E-C7D8-13C7-8484-4AC65E1B71E8} = {E20759D2-7C30-471D-A45A-78B8CCA7FAD2}
		{5BF55142-508B-4E28-83BA-884EF137121D} = {E20759D2-7C30-471D-A45A-78B8CCA7FAD2}
		{39CDA924-7B88-4706-9CAE-B1ED3210D24F} = {5BF55142-508B-4E28-83BA-884EF137121D}
		{81EA5AF5-258E-4F74-B18A-19CF60475263} = {5BF55142-508B-4E28-83BA-884EF137121D}
		{6D917E16-0955-4EF8-A84F-17979E2A7E19} = {5BF55142-508B-4E28-83BA-884EF137121D}
		{DCDAC912-6F4E-412E-82B9-98616090B54A} = {5BF55142-508B-4E28-83BA-884EF137121D}
		{92FE2763-BF53-48AD-A661-9305B1915022} = {5BF55142-508B-4E28-83BA-884EF137121D}
	EndGlobalSection
	GlobalSection(ExtensibilityGlobals) = postSolution
		SolutionGuid = {B4F0A06B-C2CB-40E8-BFFC-DFE86BE4F149}
	EndGlobalSection
EndGlobal
